
Microsoft Visual Studio Solution File, Format Version 12.00
# Visual Studio Version 17
VisualStudioVersion = 17.11.0.0
MinimumVisualStudioVersion = 10.0.40219.1
Project("{2150E333-8FDC-42A3-9474-1A3956D46DE8}") = "src", "src", "{F0000000-0000-0000-0000-0000000000A1}"
EndProject
Project("{2150E333-8FDC-42A3-9474-1A3956D46DE8}") = "tests", "tests", "{F0000000-0000-0000-0000-0000000000A2}"
EndProject
Project("{9A19103F-16F7-4668-BE54-9A1E7A4F7556}") = "Acetato.Domain", "src\Acetato.Domain\Acetato.Domain.csproj", "{D0000000-0000-0000-0000-000000000001}"
EndProject
Project("{9A19103F-16F7-4668-BE54-9A1E7A4F7556}") = "Acetato.Application", "src\Acetato.Application\Acetato.Application.csproj", "{D0000000-0000-0000-0000-000000000002}"
EndProject
Project("{9A19103F-16F7-4668-BE54-9A1E7A4F7556}") = "Acetato.Infrastructure", "src\Acetato.Infrastructure\Acetato.Infrastructure.csproj", "{D0000000-0000-0000-0000-000000000003}"
EndProject
Project("{9A19103F-16F7-4668-BE54-9A1E7A4F7556}") = "Acetato.Presentation", "src\Acetato.Presentation\Acetato.Presentation.csproj", "{D0000000-0000-0000-0000-000000000004}"
EndProject
Project("{9A19103F-16F7-4668-BE54-9A1E7A4F7556}") = "Acetato.Domain.Tests", "tests\Acetato.Domain.Tests\Acetato.Domain.Tests.csproj", "{D0000000-0000-0000-0000-000000000005}"
EndProject
Project("{9A19103F-16F7-4668-BE54-9A1E7A4F7556}") = "Acetato.Application.Tests", "tests\Acetato.Application.Tests\Acetato.Application.Tests.csproj", "{D0000000-0000-0000-0000-000000000006}"
EndProject
Global
	GlobalSection(SolutionConfigurationPlatforms) = preSolution
		Debug|Any CPU = Debug|Any CPU
		Release|Any CPU = Release|Any CPU
	EndGlobalSection
	GlobalSection(ProjectConfigurationPlatforms) = postSolution
		{D0000000-0000-0000-0000-000000000001}.Debug|Any CPU.ActiveCfg = Debug|Any CPU
		{D0000000-0000-0000-0000-000000000001}.Debug|Any CPU.Build.0 = Debug|Any CPU
		{D0000000-0000-0000-0000-000000000001}.Release|Any CPU.ActiveCfg = Release|Any CPU
		{D0000000-0000-0000-0000-000000000001}.Release|Any CPU.Build.0 = Release|Any CPU
		{D0000000-0000-0000-0000-000000000002}.Debug|Any CPU.ActiveCfg = Debug|Any CPU
		{D0000000-0000-0000-0000-000000000002}.Debug|Any CPU.Build.0 = Debug|Any CPU
		{D0000000-0000-0000-0000-000000000002}.Release|Any CPU.ActiveCfg = Release|Any CPU
		{D0000000-0000-0000-0000-000000000002}.Release|Any CPU.Build.0 = Release|Any CPU
		{D0000000-0000-0000-0000-000000000003}.Debug|Any CPU.ActiveCfg = Debug|Any CPU
		{D0000000-0000-0000-0000-000000000003}.Debug|Any CPU.Build.0 = Debug|Any CPU
		{D0000000-0000-0000-0000-000000000003}.Release|Any CPU.ActiveCfg = Release|Any CPU
		{D0000000-0000-0000-0000-000000000003}.Release|Any CPU.Build.0 = Release|Any CPU
		{D0000000-0000-0000-0000-000000000004}.Debug|Any CPU.ActiveCfg = Debug|Any CPU
		{D0000000-0000-0000-0000-000000000004}.Debug|Any CPU.Build.0 = Debug|Any CPU
		{D0000000-0000-0000-0000-000000000004}.Release|Any CPU.ActiveCfg = Release|Any CPU
		{D0000000-0000-0000-0000-000000000004}.Release|Any CPU.Build.0 = Release|Any CPU
		{D0000000-0000-0000-0000-000000000005}.Debug|Any CPU.ActiveCfg = Debug|Any CPU
		{D0000000-0000-0000-0000-000000000005}.Debug|Any CPU.Build.0 = Debug|Any CPU
		{D0000000-0000-0000-0000-000000000005}.Release|Any CPU.ActiveCfg = Release|Any CPU
		{D0000000-0000-0000-0000-000000000005}.Release|Any CPU.Build.0 = Release|Any CPU
		{D0000000-0000-0000-0000-000000000006}.Debug|Any CPU.ActiveCfg = Debug|Any CPU
		{D0000000-0000-0000-0000-000000000006}.Debug|Any CPU.Build.0 = Debug|Any CPU
		{D0000000-0000-0000-0000-000000000006}.Release|Any CPU.ActiveCfg = Release|Any CPU
		{D0000000-0000-0000-0000-000000000006}.Release|Any CPU.Build.0 = Release|Any CPU
	EndGlobalSection
	GlobalSection(SolutionProperties) = preSolution
		HideSolutionNode = FALSE
	EndGlobalSection
	GlobalSection(NestedProjects) = preSolution
		{D0000000-0000-0000-0000-000000000001} = {F0000000-0000-0000-0000-0000000000A1}
		{D0000000-0000-0000-0000-000000000002} = {F0000000-0000-0000-0000-0000000000A1}
		{D0000000-0000-0000-0000-000000000003} = {F0000000-0000-0000-0000-0000000000A1}
		{D0000000-0000-0000-0000-000000000004} = {F0000000-0000-0000-0000-0000000000A1}
		{D0000000-0000-0000-0000-000000000005} = {F0000000-0000-0000-0000-0000000000A2}
		{D0000000-0000-0000-0000-000000000006} = {F0000000-0000-0000-0000-0000000000A2}
	EndGlobalSection
EndGlobal
